
Microsoft Visual Studio Solution File, Format Version 12.00
# Visual Studio Version 16
VisualStudioVersion = 16.0.30907.101
MinimumVisualStudioVersion = 10.0.40219.1
Project("{FAE04EC0-301F-11D3-BF4B-00C04F79EFBC}") = "trial", "trial\trial.csproj", "{CACAE90C-03D5-4A21-94C6-5F34552FF0B2}"
EndProject
Global
	GlobalSection(SolutionConfigurationPlatforms) = preSolution
		Debug|Any CPU = Debug|Any CPU
		Release|Any CPU = Release|Any CPU
	EndGlobalSection
	GlobalSection(ProjectConfigurationPlatforms) = postSolution
		{CACAE90C-03D5-4A21-94C6-5F34552FF0B2}.Debug|Any CPU.ActiveCfg = Debug|Any CPU
		{CACAE90C-03D5-4A21-94C6-5F34552FF0B2}.Debug|Any CPU.Build.0 = Debug|Any CPU
		{CACAE90C-03D5-4A21-94C6-5F34552FF0B2}.Release|Any CPU.ActiveCfg = Release|Any CPU
		{CACAE90C-03D5-4A21-94C6-5F34552FF0B2}.Release|Any CPU.Build.0 = Release|Any CPU
	EndGlobalSection
	GlobalSection(SolutionProperties) = preSolution
		HideSolutionNode = FALSE
	EndGlobalSection
	GlobalSection(ExtensibilityGlobals) = postSolution
		SolutionGuid = {E6F6D348-757E-45DA-B934-230CB7890E9F}
	EndGlobalSection
EndGlobal
